// !$*UTF8*$!
{
	archiveVersion = 1;
	classes = {
	};
	objectVersion = 56;
	objects = {

/* Begin PBXBuildFile section */
		7FFC00000000000000000011 /* Assets.xcassets in Resources */ = {isa = PBXBuildFile; fileRef = 7FFC00000000000000000010 /* Assets.xcassets */; };
		7FFC00000000000000000014 /* PrivacyInfo.xcprivacy in Resources */ = {isa = PBXBuildFile; fileRef = 7FFC00000000000000000013 /* PrivacyInfo.xcprivacy */; };
		7FFC00000000000000000258 /* LuluMusicApp.swift in Sources */ = {isa = PBXBuildFile; fileRef = 7FFC00000000000000000064 /* LuluMusicApp.swift */; };
		7FFC00000000000000000259 /* ContentView.swift in Sources */ = {isa = PBXBuildFile; fileRef = 7FFC00000000000000000065 /* ContentView.swift */; };
		7FFC0000000000000000025A /* L10n.swift in Sources */ = {isa = PBXBuildFile; fileRef = 7FFC00000000000000000066 /* L10n.swift */; };
		7FFC0000000000000000025B /* AppTheme.swift in Sources */ = {isa = PBXBuildFile; fileRef = 7FFC00000000000000000067 /* AppTheme.swift */; };
		7FFC0000000000000000025C /* LoveSongTheme.swift in Sources */ = {isa = PBXBuildFile; fileRef = 7FFC00000000000000000068 /* LoveSongTheme.swift */; };
		7FFC0000000000000000025D /* ImportFormatAllowlist.swift in Sources */ = {isa = PBXBuildFile; fileRef = 7FFC00000000000000000069 /* ImportFormatAllowlist.swift */; };
		7FFC0000000000000000025E /* PairingAuth.swift in Sources */ = {isa = PBXBuildFile; fileRef = 7FFC0000000000000000006A /* PairingAuth.swift */; };
		7FFC0000000000000000025F /* PlaybackMode.swift in Sources */ = {isa = PBXBuildFile; fileRef = 7FFC0000000000000000006B /* PlaybackMode.swift */; };
		7FFC00000000000000000260 /* ResumeState.swift in Sources */ = {isa = PBXBuildFile; fileRef = 7FFC0000000000000000006C /* ResumeState.swift */; };
		7FFC00000000000000000261 /* LibrarySearch.swift in Sources */ = {isa = PBXBuildFile; fileRef = 7FFC0000000000000000006D /* LibrarySearch.swift */; };
		7FFC00000000000000000262 /* DanmakuCore.swift in Sources */ = {isa = PBXBuildFile; fileRef = 7FFC0000000000000000006E /* DanmakuCore.swift */; };
		7FFC00000000000000000263 /* LiveDanmakuWindow.swift in Sources */ = {isa = PBXBuildFile; fileRef = 7FFC0000000000000000006F /* LiveDanmakuWindow.swift */; };
		7FFC00000000000000000264 /* WebImportPolicy.swift in Sources */ = {isa = PBXBuildFile; fileRef = 7FFC00000000000000000070 /* WebImportPolicy.swift */; };
		7FFC00000000000000000265 /* IncomingTransfer.swift in Sources */ = {isa = PBXBuildFile; fileRef = 7FFC00000000000000000071 /* IncomingTransfer.swift */; };
		7FFC00000000000000000266 /* PlaybackClock.swift in Sources */ = {isa = PBXBuildFile; fileRef = 7FFC00000000000000000072 /* PlaybackClock.swift */; };
		7FFC00000000000000000267 /* TrackDuration.swift in Sources */ = {isa = PBXBuildFile; fileRef = 7FFC00000000000000000073 /* TrackDuration.swift */; };
		7FFC00000000000000000268 /* ScrubSeek.swift in Sources */ = {isa = PBXBuildFile; fileRef = 7FFC00000000000000000074 /* ScrubSeek.swift */; };
		7FFC00000000000000000269 /* WaveformPeaks.swift in Sources */ = {isa = PBXBuildFile; fileRef = 7FFC00000000000000000075 /* WaveformPeaks.swift */; };
		7FFC0000000000000000026A /* ImportSource.swift in Sources */ = {isa = PBXBuildFile; fileRef = 7FFC00000000000000000076 /* ImportSource.swift */; };
		7FFC0000000000000000026B /* PlaybackItem.swift in Sources */ = {isa = PBXBuildFile; fileRef = 7FFC00000000000000000077 /* PlaybackItem.swift */; };
		7FFC0000000000000000026C /* Track.swift in Sources */ = {isa = PBXBuildFile; fileRef = 7FFC00000000000000000078 /* Track.swift */; };
		7FFC0000000000000000026D /* DanmakuComment.swift in Sources */ = {isa = PBXBuildFile; fileRef = 7FFC00000000000000000079 /* DanmakuComment.swift */; };
		7FFC0000000000000000026E /* MetadataExtractor.swift in Sources */ = {isa = PBXBuildFile; fileRef = 7FFC0000000000000000007A /* MetadataExtractor.swift */; };
		7FFC0000000000000000026F /* AudioSessionController.swift in Sources */ = {isa = PBXBuildFile; fileRef = 7FFC0000000000000000007B /* AudioSessionController.swift */; };
		7FFC00000000000000000270 /* LocalIPAddress.swift in Sources */ = {isa = PBXBuildFile; fileRef = 7FFC0000000000000000007C /* LocalIPAddress.swift */; };
		7FFC00000000000000000271 /* LocalNetworkAccess.swift in Sources */ = {isa = PBXBuildFile; fileRef = 7FFC0000000000000000007D /* LocalNetworkAccess.swift */; };
		7FFC00000000000000000272 /* LibraryService.swift in Sources */ = {isa = PBXBuildFile; fileRef = 7FFC0000000000000000007E /* LibraryService.swift */; };
		7FFC00000000000000000273 /* DanmakuService.swift in Sources */ = {isa = PBXBuildFile; fileRef = 7FFC0000000000000000007F /* DanmakuService.swift */; };
		7FFC00000000000000000274 /* NowPlayingCenter.swift in Sources */ = {isa = PBXBuildFile; fileRef = 7FFC00000000000000000080 /* NowPlayingCenter.swift */; };
		7FFC00000000000000000275 /* PlayerEngine.swift in Sources */ = {isa = PBXBuildFile; fileRef = 7FFC00000000000000000081 /* PlayerEngine.swift */; };
		7FFC00000000000000000276 /* WebUploadServer.swift in Sources */ = {isa = PBXBuildFile; fileRef = 7FFC00000000000000000082 /* WebUploadServer.swift */; };
		7FFC00000000000000000277 /* AudioWaveformAnalyzer.swift in Sources */ = {isa = PBXBuildFile; fileRef = 7FFC00000000000000000083 /* AudioWaveformAnalyzer.swift */; };
		7FFC00000000000000000278 /* AudioDocumentPicker.swift in Sources */ = {isa = PBXBuildFile; fileRef = 7FFC00000000000000000084 /* AudioDocumentPicker.swift */; };
		7FFC00000000000000000279 /* AppleMusicPicker.swift in Sources */ = {isa = PBXBuildFile; fileRef = 7FFC00000000000000000085 /* AppleMusicPicker.swift */; };
		7FFC0000000000000000027A /* ArtworkView.swift in Sources */ = {isa = PBXBuildFile; fileRef = 7FFC00000000000000000086 /* ArtworkView.swift */; };
		7FFC0000000000000000027B /* CoverPalette.swift in Sources */ = {isa = PBXBuildFile; fileRef = 7FFC00000000000000000087 /* CoverPalette.swift */; };
		7FFC0000000000000000027C /* StageComponents.swift in Sources */ = {isa = PBXBuildFile; fileRef = 7FFC00000000000000000088 /* StageComponents.swift */; };
		7FFC0000000000000000027D /* PlayerChrome.swift in Sources */ = {isa = PBXBuildFile; fileRef = 7FFC00000000000000000089 /* PlayerChrome.swift */; };
		7FFC0000000000000000027E /* MiniPlayerBar.swift in Sources */ = {isa = PBXBuildFile; fileRef = 7FFC0000000000000000008A /* MiniPlayerBar.swift */; };
		7FFC0000000000000000027F /* PlayerView.swift in Sources */ = {isa = PBXBuildFile; fileRef = 7FFC0000000000000000008B /* PlayerView.swift */; };
		7FFC00000000000000000280 /* PlaylistView.swift in Sources */ = {isa = PBXBuildFile; fileRef = 7FFC0000000000000000008C /* PlaylistView.swift */; };
		7FFC00000000000000000281 /* LiveView.swift in Sources */ = {isa = PBXBuildFile; fileRef = 7FFC0000000000000000008D /* LiveView.swift */; };
		7FFC00000000000000000282 /* DanmakuModal.swift in Sources */ = {isa = PBXBuildFile; fileRef = 7FFC0000000000000000008E /* DanmakuModal.swift */; };
		7FFC00000000000000000283 /* WebUploadView.swift in Sources */ = {isa = PBXBuildFile; fileRef = 7FFC0000000000000000008F /* WebUploadView.swift */; };
		7FFC00000000000000000384 /* ImportFormatAllowlistTests.swift in Sources */ = {isa = PBXBuildFile; fileRef = 7FFC00000000000000000320 /* ImportFormatAllowlistTests.swift */; };
		7FFC00000000000000000385 /* PairingCodeTests.swift in Sources */ = {isa = PBXBuildFile; fileRef = 7FFC00000000000000000321 /* PairingCodeTests.swift */; };
		7FFC00000000000000000386 /* PlaybackModeTests.swift in Sources */ = {isa = PBXBuildFile; fileRef = 7FFC00000000000000000322 /* PlaybackModeTests.swift */; };
		7FFC00000000000000000387 /* ResumeStateTests.swift in Sources */ = {isa = PBXBuildFile; fileRef = 7FFC00000000000000000323 /* ResumeStateTests.swift */; };
		7FFC00000000000000000388 /* LibrarySearchTests.swift in Sources */ = {isa = PBXBuildFile; fileRef = 7FFC00000000000000000324 /* LibrarySearchTests.swift */; };
		7FFC00000000000000000389 /* DanmakuStoreAndSchedulerTests.swift in Sources */ = {isa = PBXBuildFile; fileRef = 7FFC00000000000000000325 /* DanmakuStoreAndSchedulerTests.swift */; };
		7FFC0000000000000000038A /* WebImportPolicyTests.swift in Sources */ = {isa = PBXBuildFile; fileRef = 7FFC00000000000000000326 /* WebImportPolicyTests.swift */; };
		7FFC0000000000000000038B /* PlaybackClockTests.swift in Sources */ = {isa = PBXBuildFile; fileRef = 7FFC00000000000000000327 /* PlaybackClockTests.swift */; };
		7FFC0000000000000000038C /* WaveformPeaksTests.swift in Sources */ = {isa = PBXBuildFile; fileRef = 7FFC00000000000000000328 /* WaveformPeaksTests.swift */; };
		7FFC0000000000000000038D /* TrackDurationTests.swift in Sources */ = {isa = PBXBuildFile; fileRef = 7FFC00000000000000000329 /* TrackDurationTests.swift */; };
		7FFC0000000000000000038E /* ScrubSeekTests.swift in Sources */ = {isa = PBXBuildFile; fileRef = 7FFC0000000000000000032A /* ScrubSeekTests.swift */; };
		7FFC0000000000000000038F /* LiveDanmakuWindowTests.swift in Sources */ = {isa = PBXBuildFile; fileRef = 7FFC0000000000000000032B /* LiveDanmakuWindowTests.swift */; };
/* End PBXBuildFile section */

/* Begin PBXContainerItemProxy section */
		7FFC00000000000000000030 /* PBXContainerItemProxy */ = {
			isa = PBXContainerItemProxy;
			containerPortal = 7FFC00000000000000000001 /* Project object */;
			proxyType = 1;
			remoteGlobalIDString = 7FFC00000000000000000002;
			remoteInfo = LuluMusic;
		};
/* End PBXContainerItemProxy section */

/* Begin PBXFileReference section */
		7FFC0000000000000000000F /* LuluMusic.app */ = {isa = PBXFileReference; explicitFileType = wrapper.application; includeInIndex = 0; path = LuluMusic.app; sourceTree = BUILT_PRODUCTS_DIR; };
		7FFC00000000000000000029 /* LoveSongTests.xctest */ = {isa = PBXFileReference; explicitFileType = wrapper.cfbundle; includeInIndex = 0; path = LoveSongTests.xctest; sourceTree = BUILT_PRODUCTS_DIR; };
		7FFC00000000000000000010 /* Assets.xcassets */ = {isa = PBXFileReference; lastKnownFileType = folder.assetcatalog; path = Assets.xcassets; sourceTree = "<group>"; };
		7FFC00000000000000000012 /* Preview Content */ = {isa = PBXFileReference; lastKnownFileType = folder; path = "Preview Content"; sourceTree = "<group>"; };
		7FFC00000000000000000013 /* PrivacyInfo.xcprivacy */ = {isa = PBXFileReference; lastKnownFileType = text.xml; path = PrivacyInfo.xcprivacy; sourceTree = "<group>"; };
		7FFC00000000000000000015 /* Info.plist */ = {isa = PBXFileReference; lastKnownFileType = text.plist.xml; path = Info.plist; sourceTree = "<group>"; };
		7FFC00000000000000000016 /* LuluMusic.entitlements */ = {isa = PBXFileReference; lastKnownFileType = text.plist.entitlements; path = LuluMusic.entitlements; sourceTree = "<group>"; };
		7FFC00000000000000000064 /* LuluMusicApp.swift */ = {isa = PBXFileReference; lastKnownFileType = sourcecode.swift; path = LuluMusicApp.swift; sourceTree = "<group>"; };
		7FFC00000000000000000065 /* ContentView.swift */ = {isa = PBXFileReference; lastKnownFileType = sourcecode.swift; path = ContentView.swift; sourceTree = "<group>"; };
		7FFC00000000000000000066 /* L10n.swift */ = {isa = PBXFileReference; lastKnownFileType = sourcecode.swift; path = L10n.swift; sourceTree = "<group>"; };
		7FFC00000000000000000067 /* AppTheme.swift */ = {isa = PBXFileReference; lastKnownFileType = sourcecode.swift; path = AppTheme.swift; sourceTree = "<group>"; };
		7FFC00000000000000000068 /* LoveSongTheme.swift */ = {isa = PBXFileReference; lastKnownFileType = sourcecode.swift; path = LoveSongTheme.swift; sourceTree = "<group>"; };
		7FFC00000000000000000069 /* ImportFormatAllowlist.swift */ = {isa = PBXFileReference; lastKnownFileType = sourcecode.swift; path = ImportFormatAllowlist.swift; sourceTree = "<group>"; };
		7FFC0000000000000000006A /* PairingAuth.swift */ = {isa = PBXFileReference; lastKnownFileType = sourcecode.swift; path = PairingAuth.swift; sourceTree = "<group>"; };
		7FFC0000000000000000006B /* PlaybackMode.swift */ = {isa = PBXFileReference; lastKnownFileType = sourcecode.swift; path = PlaybackMode.swift; sourceTree = "<group>"; };
		7FFC0000000000000000006C /* ResumeState.swift */ = {isa = PBXFileReference; lastKnownFileType = sourcecode.swift; path = ResumeState.swift; sourceTree = "<group>"; };
		7FFC0000000000000000006D /* LibrarySearch.swift */ = {isa = PBXFileReference; lastKnownFileType = sourcecode.swift; path = LibrarySearch.swift; sourceTree = "<group>"; };
		7FFC0000000000000000006E /* DanmakuCore.swift */ = {isa = PBXFileReference; lastKnownFileType = sourcecode.swift; path = DanmakuCore.swift; sourceTree = "<group>"; };
		7FFC0000000000000000006F /* LiveDanmakuWindow.swift */ = {isa = PBXFileReference; lastKnownFileType = sourcecode.swift; path = LiveDanmakuWindow.swift; sourceTree = "<group>"; };
		7FFC00000000000000000070 /* WebImportPolicy.swift */ = {isa = PBXFileReference; lastKnownFileType = sourcecode.swift; path = WebImportPolicy.swift; sourceTree = "<group>"; };
		7FFC00000000000000000071 /* IncomingTransfer.swift */ = {isa = PBXFileReference; lastKnownFileType = sourcecode.swift; path = IncomingTransfer.swift; sourceTree = "<group>"; };
		7FFC00000000000000000072 /* PlaybackClock.swift */ = {isa = PBXFileReference; lastKnownFileType = sourcecode.swift; path = PlaybackClock.swift; sourceTree = "<group>"; };
		7FFC00000000000000000073 /* TrackDuration.swift */ = {isa = PBXFileReference; lastKnownFileType = sourcecode.swift; path = TrackDuration.swift; sourceTree = "<group>"; };
		7FFC00000000000000000074 /* ScrubSeek.swift */ = {isa = PBXFileReference; lastKnownFileType = sourcecode.swift; path = ScrubSeek.swift; sourceTree = "<group>"; };
		7FFC00000000000000000075 /* WaveformPeaks.swift */ = {isa = PBXFileReference; lastKnownFileType = sourcecode.swift; path = WaveformPeaks.swift; sourceTree = "<group>"; };
		7FFC00000000000000000076 /* ImportSource.swift */ = {isa = PBXFileReference; lastKnownFileType = sourcecode.swift; path = ImportSource.swift; sourceTree = "<group>"; };
		7FFC00000000000000000077 /* PlaybackItem.swift */ = {isa = PBXFileReference; lastKnownFileType = sourcecode.swift; path = PlaybackItem.swift; sourceTree = "<group>"; };
		7FFC00000000000000000078 /* Track.swift */ = {isa = PBXFileReference; lastKnownFileType = sourcecode.swift; path = Track.swift; sourceTree = "<group>"; };
		7FFC00000000000000000079 /* DanmakuComment.swift */ = {isa = PBXFileReference; lastKnownFileType = sourcecode.swift; path = DanmakuComment.swift; sourceTree = "<group>"; };
		7FFC0000000000000000007A /* MetadataExtractor.swift */ = {isa = PBXFileReference; lastKnownFileType = sourcecode.swift; path = MetadataExtractor.swift; sourceTree = "<group>"; };
		7FFC0000000000000000007B /* AudioSessionController.swift */ = {isa = PBXFileReference; lastKnownFileType = sourcecode.swift; path = AudioSessionController.swift; sourceTree = "<group>"; };
		7FFC0000000000000000007C /* LocalIPAddress.swift */ = {isa = PBXFileReference; lastKnownFileType = sourcecode.swift; path = LocalIPAddress.swift; sourceTree = "<group>"; };
		7FFC0000000000000000007D /* LocalNetworkAccess.swift */ = {isa = PBXFileReference; lastKnownFileType = sourcecode.swift; path = LocalNetworkAccess.swift; sourceTree = "<group>"; };
		7FFC0000000000000000007E /* LibraryService.swift */ = {isa = PBXFileReference; lastKnownFileType = sourcecode.swift; path = LibraryService.swift; sourceTree = "<group>"; };
		7FFC0000000000000000007F /* DanmakuService.swift */ = {isa = PBXFileReference; lastKnownFileType = sourcecode.swift; path = DanmakuService.swift; sourceTree = "<group>"; };
		7FFC00000000000000000080 /* NowPlayingCenter.swift */ = {isa = PBXFileReference; lastKnownFileType = sourcecode.swift; path = NowPlayingCenter.swift; sourceTree = "<group>"; };
		7FFC00000000000000000081 /* PlayerEngine.swift */ = {isa = PBXFileReference; lastKnownFileType = sourcecode.swift; path = PlayerEngine.swift; sourceTree = "<group>"; };
		7FFC00000000000000000082 /* WebUploadServer.swift */ = {isa = PBXFileReference; lastKnownFileType = sourcecode.swift; path = WebUploadServer.swift; sourceTree = "<group>"; };
		7FFC00000000000000000083 /* AudioWaveformAnalyzer.swift */ = {isa = PBXFileReference; lastKnownFileType = sourcecode.swift; path = AudioWaveformAnalyzer.swift; sourceTree = "<group>"; };
		7FFC00000000000000000084 /* AudioDocumentPicker.swift */ = {isa = PBXFileReference; lastKnownFileType = sourcecode.swift; path = AudioDocumentPicker.swift; sourceTree = "<group>"; };
		7FFC00000000000000000085 /* AppleMusicPicker.swift */ = {isa = PBXFileReference; lastKnownFileType = sourcecode.swift; path = AppleMusicPicker.swift; sourceTree = "<group>"; };
		7FFC00000000000000000086 /* ArtworkView.swift */ = {isa = PBXFileReference; lastKnownFileType = sourcecode.swift; path = ArtworkView.swift; sourceTree = "<group>"; };
		7FFC00000000000000000087 /* CoverPalette.swift */ = {isa = PBXFileReference; lastKnownFileType = sourcecode.swift; path = CoverPalette.swift; sourceTree = "<group>"; };
		7FFC00000000000000000088 /* StageComponents.swift */ = {isa = PBXFileReference; lastKnownFileType = sourcecode.swift; path = StageComponents.swift; sourceTree = "<group>"; };
		7FFC00000000000000000089 /* PlayerChrome.swift */ = {isa = PBXFileReference; lastKnownFileType = sourcecode.swift; path = PlayerChrome.swift; sourceTree = "<group>"; };
		7FFC0000000000000000008A /* MiniPlayerBar.swift */ = {isa = PBXFileReference; lastKnownFileType = sourcecode.swift; path = MiniPlayerBar.swift; sourceTree = "<group>"; };
		7FFC0000000000000000008B /* PlayerView.swift */ = {isa = PBXFileReference; lastKnownFileType = sourcecode.swift; path = PlayerView.swift; sourceTree = "<group>"; };
		7FFC0000000000000000008C /* PlaylistView.swift */ = {isa = PBXFileReference; lastKnownFileType = sourcecode.swift; path = PlaylistView.swift; sourceTree = "<group>"; };
		7FFC0000000000000000008D /* LiveView.swift */ = {isa = PBXFileReference; lastKnownFileType = sourcecode.swift; path = LiveView.swift; sourceTree = "<group>"; };
		7FFC0000000000000000008E /* DanmakuModal.swift */ = {isa = PBXFileReference; lastKnownFileType = sourcecode.swift; path = DanmakuModal.swift; sourceTree = "<group>"; };
		7FFC0000000000000000008F /* WebUploadView.swift */ = {isa = PBXFileReference; lastKnownFileType = sourcecode.swift; path = WebUploadView.swift; sourceTree = "<group>"; };
		7FFC00000000000000000320 /* ImportFormatAllowlistTests.swift */ = {isa = PBXFileReference; lastKnownFileType = sourcecode.swift; path = ImportFormatAllowlistTests.swift; sourceTree = "<group>"; };
		7FFC00000000000000000321 /* PairingCodeTests.swift */ = {isa = PBXFileReference; lastKnownFileType = sourcecode.swift; path = PairingCodeTests.swift; sourceTree = "<group>"; };
		7FFC00000000000000000322 /* PlaybackModeTests.swift */ = {isa = PBXFileReference; lastKnownFileType = sourcecode.swift; path = PlaybackModeTests.swift; sourceTree = "<group>"; };
		7FFC00000000000000000323 /* ResumeStateTests.swift */ = {isa = PBXFileReference; lastKnownFileType = sourcecode.swift; path = ResumeStateTests.swift; sourceTree = "<group>"; };
		7FFC00000000000000000324 /* LibrarySearchTests.swift */ = {isa = PBXFileReference; lastKnownFileType = sourcecode.swift; path = LibrarySearchTests.swift; sourceTree = "<group>"; };
		7FFC00000000000000000325 /* DanmakuStoreAndSchedulerTests.swift */ = {isa = PBXFileReference; lastKnownFileType = sourcecode.swift; path = DanmakuStoreAndSchedulerTests.swift; sourceTree = "<group>"; };
		7FFC00000000000000000326 /* WebImportPolicyTests.swift */ = {isa = PBXFileReference; lastKnownFileType = sourcecode.swift; path = WebImportPolicyTests.swift; sourceTree = "<group>"; };
		7FFC00000000000000000327 /* PlaybackClockTests.swift */ = {isa = PBXFileReference; lastKnownFileType = sourcecode.swift; path = PlaybackClockTests.swift; sourceTree = "<group>"; };
		7FFC00000000000000000328 /* WaveformPeaksTests.swift */ = {isa = PBXFileReference; lastKnownFileType = sourcecode.swift; path = WaveformPeaksTests.swift; sourceTree = "<group>"; };
		7FFC00000000000000000329 /* TrackDurationTests.swift */ = {isa = PBXFileReference; lastKnownFileType = sourcecode.swift; path = TrackDurationTests.swift; sourceTree = "<group>"; };
		7FFC0000000000000000032A /* ScrubSeekTests.swift */ = {isa = PBXFileReference; lastKnownFileType = sourcecode.swift; path = ScrubSeekTests.swift; sourceTree = "<group>"; };
		7FFC0000000000000000032B /* LiveDanmakuWindowTests.swift */ = {isa = PBXFileReference; lastKnownFileType = sourcecode.swift; path = LiveDanmakuWindowTests.swift; sourceTree = "<group>"; };
/* End PBXFileReference section */

/* Begin PBXFrameworksBuildPhase section */
		7FFC00000000000000000005 /* Frameworks */ = {
			isa = PBXFrameworksBuildPhase;
			buildActionMask = 2147483647;
			files = (
			);
			runOnlyForDeploymentPostprocessing = 0;
		};
		7FFC0000000000000000002B /* Frameworks */ = {
			isa = PBXFrameworksBuildPhase;
			buildActionMask = 2147483647;
			files = (
			);
			runOnlyForDeploymentPostprocessing = 0;
		};
/* End PBXFrameworksBuildPhase section */

/* Begin PBXGroup section */

		7FFC0000000000000000000C = {
			isa = PBXGroup;
			children = (
				7FFC0000000000000000000E /* LuluMusic */,
				7FFC00000000000000000032 /* LoveSongTests */,
				7FFC0000000000000000000D /* Products */,
			);
			sourceTree = "<group>";
		};
		7FFC0000000000000000000D /* Products */ = {
			isa = PBXGroup;
			children = (
				7FFC0000000000000000000F /* LuluMusic.app */,
				7FFC00000000000000000029 /* LoveSongTests.xctest */,
			);
			name = Products;
			sourceTree = "<group>";
		};
		7FFC0000000000000000000E /* LuluMusic */ = {
			isa = PBXGroup;
			children = (
				7FFC00000000000000000015 /* Info.plist */,
				7FFC00000000000000000016 /* LuluMusic.entitlements */,
				7FFC00000000000000000013 /* PrivacyInfo.xcprivacy */,
				7FFC00000000000000000010 /* Assets.xcassets */,
				7FFC00000000000000000012 /* Preview Content */,
				7FFC0000000000000000001E /* Theme */,
				7FFC00000000000000000023 /* Core */,
				7FFC0000000000000000001F /* Models */,
				7FFC00000000000000000020 /* Services */,
				7FFC00000000000000000021 /* Representables */,
				7FFC00000000000000000022 /* Views */,
				7FFC00000000000000000064 /* LuluMusicApp.swift */,
				7FFC00000000000000000065 /* ContentView.swift */,
			);
			path = LuluMusic;
			sourceTree = "<group>";
		};
		7FFC00000000000000000032 /* LoveSongTests */ = {
			isa = PBXGroup;
			children = (
				7FFC00000000000000000320 /* ImportFormatAllowlistTests.swift */,
				7FFC00000000000000000321 /* PairingCodeTests.swift */,
				7FFC00000000000000000322 /* PlaybackModeTests.swift */,
				7FFC00000000000000000323 /* ResumeStateTests.swift */,
				7FFC00000000000000000324 /* LibrarySearchTests.swift */,
				7FFC00000000000000000325 /* DanmakuStoreAndSchedulerTests.swift */,
				7FFC00000000000000000326 /* WebImportPolicyTests.swift */,
				7FFC00000000000000000327 /* PlaybackClockTests.swift */,
				7FFC00000000000000000328 /* WaveformPeaksTests.swift */,
				7FFC00000000000000000329 /* TrackDurationTests.swift */,
				7FFC0000000000000000032A /* ScrubSeekTests.swift */,
				7FFC0000000000000000032B /* LiveDanmakuWindowTests.swift */,
			);
			path = LoveSongTests;
			sourceTree = "<group>";
		};
		7FFC0000000000000000001E /* Theme */ = {
			isa = PBXGroup;
			children = (
				7FFC00000000000000000066 /* L10n.swift */,
				7FFC00000000000000000067 /* AppTheme.swift */,
				7FFC00000000000000000068 /* LoveSongTheme.swift */,
			);
			path = Theme;
			sourceTree = "<group>";
		};
		7FFC00000000000000000023 /* Core */ = {
			isa = PBXGroup;
			children = (
				7FFC00000000000000000069 /* ImportFormatAllowlist.swift */,
				7FFC0000000000000000006A /* PairingAuth.swift */,
				7FFC0000000000000000006B /* PlaybackMode.swift */,
				7FFC0000000000000000006C /* ResumeState.swift */,
				7FFC0000000000000000006D /* LibrarySearch.swift */,
				7FFC0000000000000000006E /* DanmakuCore.swift */,
				7FFC0000000000000000006F /* LiveDanmakuWindow.swift */,
				7FFC00000000000000000070 /* WebImportPolicy.swift */,
				7FFC00000000000000000071 /* IncomingTransfer.swift */,
				7FFC00000000000000000072 /* PlaybackClock.swift */,
				7FFC00000000000000000073 /* TrackDuration.swift */,
				7FFC00000000000000000074 /* ScrubSeek.swift */,
				7FFC00000000000000000075 /* WaveformPeaks.swift */,
			);
			path = Core;
			sourceTree = "<group>";
		};
		7FFC0000000000000000001F /* Models */ = {
			isa = PBXGroup;
			children = (
				7FFC00000000000000000076 /* ImportSource.swift */,
				7FFC00000000000000000077 /* PlaybackItem.swift */,
				7FFC00000000000000000078 /* Track.swift */,
				7FFC00000000000000000079 /* DanmakuComment.swift */,
			);
			path = Models;
			sourceTree = "<group>";
		};
		7FFC00000000000000000020 /* Services */ = {
			isa = PBXGroup;
			children = (
				7FFC0000000000000000007A /* MetadataExtractor.swift */,
				7FFC0000000000000000007B /* AudioSessionController.swift */,
				7FFC0000000000000000007C /* LocalIPAddress.swift */,
				7FFC0000000000000000007D /* LocalNetworkAccess.swift */,
				7FFC0000000000000000007E /* LibraryService.swift */,
				7FFC0000000000000000007F /* DanmakuService.swift */,
				7FFC00000000000000000080 /* NowPlayingCenter.swift */,
				7FFC00000000000000000081 /* PlayerEngine.swift */,
				7FFC00000000000000000082 /* WebUploadServer.swift */,
				7FFC00000000000000000083 /* AudioWaveformAnalyzer.swift */,
			);
			path = Services;
			sourceTree = "<group>";
		};
		7FFC00000000000000000021 /* Representables */ = {
			isa = PBXGroup;
			children = (
				7FFC00000000000000000084 /* AudioDocumentPicker.swift */,
				7FFC00000000000000000085 /* AppleMusicPicker.swift */,
			);
			path = Representables;
			sourceTree = "<group>";
		};
		7FFC00000000000000000022 /* Views */ = {
			isa = PBXGroup;
			children = (
				7FFC00000000000000000086 /* ArtworkView.swift */,
				7FFC00000000000000000087 /* CoverPalette.swift */,
				7FFC00000000000000000088 /* StageComponents.swift */,
				7FFC00000000000000000089 /* PlayerChrome.swift */,
				7FFC0000000000000000008A /* MiniPlayerBar.swift */,
				7FFC0000000000000000008B /* PlayerView.swift */,
				7FFC0000000000000000008C /* PlaylistView.swift */,
				7FFC0000000000000000008D /* LiveView.swift */,
				7FFC0000000000000000008E /* DanmakuModal.swift */,
				7FFC0000000000000000008F /* WebUploadView.swift */,
			);
			path = Views;
			sourceTree = "<group>";
		};
/* End PBXGroup section */

/* Begin PBXNativeTarget section */
		7FFC00000000000000000002 /* LuluMusic */ = {
			isa = PBXNativeTarget;
			buildConfigurationList = 7FFC00000000000000000006 /* Build configuration list for PBXNativeTarget "LuluMusic" */;
			buildPhases = (
				7FFC00000000000000000003 /* Sources */,
				7FFC00000000000000000005 /* Frameworks */,
				7FFC00000000000000000004 /* Resources */,
			);
			buildRules = (
			);
			dependencies = (
			);
			name = LuluMusic;
			productName = LuluMusic;
			productReference = 7FFC0000000000000000000F /* LuluMusic.app */;
			productType = "com.apple.product-type.application";
		};
		7FFC00000000000000000028 /* LoveSongTests */ = {
			isa = PBXNativeTarget;
			buildConfigurationList = 7FFC0000000000000000002D /* Build configuration list for PBXNativeTarget "LoveSongTests" */;
			buildPhases = (
				7FFC0000000000000000002A /* Sources */,
				7FFC0000000000000000002B /* Frameworks */,
				7FFC0000000000000000002C /* Resources */,
			);
			buildRules = (
			);
			dependencies = (
				7FFC00000000000000000031 /* PBXTargetDependency */,
			);
			name = LoveSongTests;
			productName = LoveSongTests;
			productReference = 7FFC00000000000000000029 /* LoveSongTests.xctest */;
			productType = "com.apple.product-type.bundle.unit-test";
		};
/* End PBXNativeTarget section */

/* Begin PBXProject section */
		7FFC00000000000000000001 /* Project object */ = {
			isa = PBXProject;
			attributes = {
				BuildIndependentTargetsInParallel = 1;
				LastSwiftUpdateCheck = 1540;
				LastUpgradeCheck = 1540;
				TargetAttributes = {
					7FFC00000000000000000002 = {
						CreatedOnToolsVersion = 15.4;
						DevelopmentTeam = 5595Y4TR6U;
						ProvisioningStyle = Automatic;
					};
					7FFC00000000000000000028 = {
						CreatedOnToolsVersion = 15.4;
						DevelopmentTeam = 5595Y4TR6U;
						ProvisioningStyle = Automatic;
						TestTargetID = 7FFC00000000000000000002;
					};
				};
			};
			buildConfigurationList = 7FFC00000000000000000007 /* Build configuration list for PBXProject "LuluMusic" */;
			compatibilityVersion = "Xcode 14.0";
			developmentRegion = "zh-Hans";
			hasScannedForEncodings = 0;
			knownRegions = (
				en,
				"zh-Hans",
				Base,
			);
			mainGroup = 7FFC0000000000000000000C;
			productRefGroup = 7FFC0000000000000000000D /* Products */;
			projectDirPath = "";
			projectRoot = "";
			targets = (
				7FFC00000000000000000002 /* LuluMusic */,
				7FFC00000000000000000028 /* LoveSongTests */,
			);
		};
/* End PBXProject section */

/* Begin PBXResourcesBuildPhase section */
		7FFC00000000000000000004 /* Resources */ = {
			isa = PBXResourcesBuildPhase;
			buildActionMask = 2147483647;
			files = (
				7FFC00000000000000000011 /* Assets.xcassets in Resources */,
				7FFC00000000000000000014 /* PrivacyInfo.xcprivacy in Resources */,
			);
			runOnlyForDeploymentPostprocessing = 0;
		};
		7FFC0000000000000000002C /* Resources */ = {
			isa = PBXResourcesBuildPhase;
			buildActionMask = 2147483647;
			files = (
			);
			runOnlyForDeploymentPostprocessing = 0;
		};
/* End PBXResourcesBuildPhase section */

/* Begin PBXSourcesBuildPhase section */
		7FFC00000000000000000003 /* Sources */ = {
			isa = PBXSourcesBuildPhase;
			buildActionMask = 2147483647;
			files = (
				7FFC00000000000000000258 /* LuluMusicApp.swift in Sources */,
				7FFC00000000000000000259 /* ContentView.swift in Sources */,
				7FFC0000000000000000025A /* L10n.swift in Sources */,
				7FFC0000000000000000025B /* AppTheme.swift in Sources */,
				7FFC0000000000000000025C /* LoveSongTheme.swift in Sources */,
				7FFC0000000000000000025D /* ImportFormatAllowlist.swift in Sources */,
				7FFC0000000000000000025E /* PairingAuth.swift in Sources */,
				7FFC0000000000000000025F /* PlaybackMode.swift in Sources */,
				7FFC00000000000000000260 /* ResumeState.swift in Sources */,
				7FFC00000000000000000261 /* LibrarySearch.swift in Sources */,
				7FFC00000000000000000262 /* DanmakuCore.swift in Sources */,
				7FFC00000000000000000263 /* LiveDanmakuWindow.swift in Sources */,
				7FFC00000000000000000264 /* WebImportPolicy.swift in Sources */,
				7FFC00000000000000000265 /* IncomingTransfer.swift in Sources */,
				7FFC00000000000000000266 /* PlaybackClock.swift in Sources */,
				7FFC00000000000000000267 /* TrackDuration.swift in Sources */,
				7FFC00000000000000000268 /* ScrubSeek.swift in Sources */,
				7FFC00000000000000000269 /* WaveformPeaks.swift in Sources */,
				7FFC0000000000000000026A /* ImportSource.swift in Sources */,
				7FFC0000000000000000026B /* PlaybackItem.swift in Sources */,
				7FFC0000000000000000026C /* Track.swift in Sources */,
				7FFC0000000000000000026D /* DanmakuComment.swift in Sources */,
				7FFC0000000000000000026E /* MetadataExtractor.swift in Sources */,
				7FFC0000000000000000026F /* AudioSessionController.swift in Sources */,
				7FFC00000000000000000270 /* LocalIPAddress.swift in Sources */,
				7FFC00000000000000000271 /* LocalNetworkAccess.swift in Sources */,
				7FFC00000000000000000272 /* LibraryService.swift in Sources */,
				7FFC00000000000000000273 /* DanmakuService.swift in Sources */,
				7FFC00000000000000000274 /* NowPlayingCenter.swift in Sources */,
				7FFC00000000000000000275 /* PlayerEngine.swift in Sources */,
				7FFC00000000000000000276 /* WebUploadServer.swift in Sources */,
				7FFC00000000000000000277 /* AudioWaveformAnalyzer.swift in Sources */,
				7FFC00000000000000000278 /* AudioDocumentPicker.swift in Sources */,
				7FFC00000000000000000279 /* AppleMusicPicker.swift in Sources */,
				7FFC0000000000000000027A /* ArtworkView.swift in Sources */,
				7FFC0000000000000000027B /* CoverPalette.swift in Sources */,
				7FFC0000000000000000027C /* StageComponents.swift in Sources */,
				7FFC0000000000000000027D /* PlayerChrome.swift in Sources */,
				7FFC0000000000000000027E /* MiniPlayerBar.swift in Sources */,
				7FFC0000000000000000027F /* PlayerView.swift in Sources */,
				7FFC00000000000000000280 /* PlaylistView.swift in Sources */,
				7FFC00000000000000000281 /* LiveView.swift in Sources */,
				7FFC00000000000000000282 /* DanmakuModal.swift in Sources */,
				7FFC00000000000000000283 /* WebUploadView.swift in Sources */,
			);
			runOnlyForDeploymentPostprocessing = 0;
		};
		7FFC0000000000000000002A /* Sources */ = {
			isa = PBXSourcesBuildPhase;
			buildActionMask = 2147483647;
			files = (
				7FFC00000000000000000384 /* ImportFormatAllowlistTests.swift in Sources */,
				7FFC00000000000000000385 /* PairingCodeTests.swift in Sources */,
				7FFC00000000000000000386 /* PlaybackModeTests.swift in Sources */,
				7FFC00000000000000000387 /* ResumeStateTests.swift in Sources */,
				7FFC00000000000000000388 /* LibrarySearchTests.swift in Sources */,
				7FFC00000000000000000389 /* DanmakuStoreAndSchedulerTests.swift in Sources */,
				7FFC0000000000000000038A /* WebImportPolicyTests.swift in Sources */,
				7FFC0000000000000000038B /* PlaybackClockTests.swift in Sources */,
				7FFC0000000000000000038C /* WaveformPeaksTests.swift in Sources */,
				7FFC0000000000000000038D /* TrackDurationTests.swift in Sources */,
				7FFC0000000000000000038E /* ScrubSeekTests.swift in Sources */,
				7FFC0000000000000000038F /* LiveDanmakuWindowTests.swift in Sources */,
			);
			runOnlyForDeploymentPostprocessing = 0;
		};
/* End PBXSourcesBuildPhase section */

/* Begin PBXTargetDependency section */
		7FFC00000000000000000031 /* PBXTargetDependency */ = {
			isa = PBXTargetDependency;
			target = 7FFC00000000000000000002 /* LuluMusic */;
			targetProxy = 7FFC00000000000000000030 /* PBXContainerItemProxy */;
		};
/* End PBXTargetDependency section */

/* Begin XCBuildConfiguration section */
		7FFC0000000000000000000A /* Debug */ = {
			isa = XCBuildConfiguration;
			buildSettings = {
				ALWAYS_SEARCH_USER_PATHS = NO;
				CLANG_ENABLE_MODULES = YES;
				CLANG_ENABLE_OBJC_ARC = YES;
				COPY_PHASE_STRIP = NO;
				DEBUG_INFORMATION_FORMAT = dwarf;
				ENABLE_STRICT_OBJC_MSGSEND = YES;
				ENABLE_TESTABILITY = YES;
				ENABLE_USER_SCRIPT_SANDBOXING = YES;
				GCC_DYNAMIC_NO_PIC = NO;
				GCC_OPTIMIZATION_LEVEL = 0;
				GCC_PREPROCESSOR_DEFINITIONS = (
					"DEBUG=1",
					"$(inherited)",
				);
				IPHONEOS_DEPLOYMENT_TARGET = 17.0;
				ONLY_ACTIVE_ARCH = YES;
				SDKROOT = iphoneos;
				SWIFT_ACTIVE_COMPILATION_CONDITIONS = "DEBUG $(inherited)";
				SWIFT_OPTIMIZATION_LEVEL = "-Onone";
				SWIFT_VERSION = 5.0;
			};
			name = Debug;
		};
		7FFC0000000000000000000B /* Release */ = {
			isa = XCBuildConfiguration;
			buildSettings = {
				ALWAYS_SEARCH_USER_PATHS = NO;
				CLANG_ENABLE_MODULES = YES;
				CLANG_ENABLE_OBJC_ARC = YES;
				COPY_PHASE_STRIP = NO;
				DEBUG_INFORMATION_FORMAT = "dwarf-with-dsym";
				ENABLE_NS_ASSERTIONS = NO;
				ENABLE_STRICT_OBJC_MSGSEND = YES;
				ENABLE_USER_SCRIPT_SANDBOXING = YES;
				IPHONEOS_DEPLOYMENT_TARGET = 17.0;
				SDKROOT = iphoneos;
				SWIFT_COMPILATION_MODE = wholemodule;
				SWIFT_VERSION = 5.0;
				VALIDATE_PRODUCT = YES;
			};
			name = Release;
		};
		7FFC00000000000000000008 /* Debug */ = {
			isa = XCBuildConfiguration;
			buildSettings = {
				ASSETCATALOG_COMPILER_APPICON_NAME = AppIcon;
				ASSETCATALOG_COMPILER_GLOBAL_ACCENT_COLOR_NAME = AccentColor;
				CODE_SIGN_ENTITLEMENTS = LuluMusic/LuluMusic.entitlements;
				CODE_SIGN_STYLE = Automatic;
				CURRENT_PROJECT_VERSION = 1;
				DEVELOPMENT_ASSET_PATHS = "\"LuluMusic/Preview Content\"";
				DEVELOPMENT_TEAM = 5595Y4TR6U;
				ENABLE_PREVIEWS = YES;
				GENERATE_INFOPLIST_FILE = YES;
				INFOPLIST_FILE = LuluMusic/Info.plist;
				INFOPLIST_KEY_CFBundleDisplayName = LoveSong;
				INFOPLIST_KEY_LSApplicationCategoryType = "public.app-category.music";
				INFOPLIST_KEY_UIApplicationSupportsIndirectInputEvents = YES;
				IPHONEOS_DEPLOYMENT_TARGET = 17.0;
				LD_RUNPATH_SEARCH_PATHS = (
					"$(inherited)",
					"@executable_path/Frameworks",
				);
				MARKETING_VERSION = 1.0;
				PRODUCT_BUNDLE_IDENTIFIER = com.lulumusic.app;
				PRODUCT_NAME = "$(TARGET_NAME)";
				SDKROOT = iphoneos;
				SUPPORTED_PLATFORMS = "iphoneos iphonesimulator";
				SUPPORTS_MACCATALYST = NO;
				SUPPORTS_MAC_DESIGNED_FOR_IPHONE_IPAD = NO;
				SUPPORTS_XR_DESIGNED_FOR_IPHONE_IPAD = NO;
				SWIFT_EMIT_LOC_STRINGS = YES;
				SWIFT_VERSION = 5.0;
				TARGETED_DEVICE_FAMILY = 1;
			};
			name = Debug;
		};
		7FFC00000000000000000009 /* Release */ = {
			isa = XCBuildConfiguration;
			buildSettings = {
				ASSETCATALOG_COMPILER_APPICON_NAME = AppIcon;
				ASSETCATALOG_COMPILER_GLOBAL_ACCENT_COLOR_NAME = AccentColor;
				CODE_SIGN_ENTITLEMENTS = LuluMusic/LuluMusic.entitlements;
				CODE_SIGN_STYLE = Automatic;
				CURRENT_PROJECT_VERSION = 1;
				DEVELOPMENT_ASSET_PATHS = "\"LuluMusic/Preview Content\"";
				DEVELOPMENT_TEAM = 5595Y4TR6U;
				ENABLE_PREVIEWS = YES;
				GENERATE_INFOPLIST_FILE = YES;
				INFOPLIST_FILE = LuluMusic/Info.plist;
				INFOPLIST_KEY_CFBundleDisplayName = LoveSong;
				INFOPLIST_KEY_LSApplicationCategoryType = "public.app-category.music";
				INFOPLIST_KEY_UIApplicationSupportsIndirectInputEvents = YES;
				IPHONEOS_DEPLOYMENT_TARGET = 17.0;
				LD_RUNPATH_SEARCH_PATHS = (
					"$(inherited)",
					"@executable_path/Frameworks",
				);
				MARKETING_VERSION = 1.0;
				PRODUCT_BUNDLE_IDENTIFIER = com.lulumusic.app;
				PRODUCT_NAME = "$(TARGET_NAME)";
				SDKROOT = iphoneos;
				SUPPORTED_PLATFORMS = "iphoneos iphonesimulator";
				SUPPORTS_MACCATALYST = NO;
				SUPPORTS_MAC_DESIGNED_FOR_IPHONE_IPAD = NO;
				SUPPORTS_XR_DESIGNED_FOR_IPHONE_IPAD = NO;
				SWIFT_EMIT_LOC_STRINGS = YES;
				SWIFT_VERSION = 5.0;
				TARGETED_DEVICE_FAMILY = 1;
			};
			name = Release;
		};
		7FFC0000000000000000002E /* Debug */ = {
			isa = XCBuildConfiguration;
			buildSettings = {
				BUNDLE_LOADER = "$(TEST_HOST)";
				CODE_SIGN_STYLE = Automatic;
				CURRENT_PROJECT_VERSION = 1;
				DEVELOPMENT_TEAM = 5595Y4TR6U;
				GENERATE_INFOPLIST_FILE = YES;
				IPHONEOS_DEPLOYMENT_TARGET = 17.0;
				MARKETING_VERSION = 1.0;
				PRODUCT_BUNDLE_IDENTIFIER = com.lulumusic.tests;
				PRODUCT_NAME = "$(TARGET_NAME)";
				SDKROOT = iphoneos;
				SUPPORTED_PLATFORMS = "iphoneos iphonesimulator";
				SWIFT_EMIT_LOC_STRINGS = NO;
				SWIFT_VERSION = 5.0;
				TARGETED_DEVICE_FAMILY = 1;
				TEST_HOST = "$(BUILT_PRODUCTS_DIR)/LuluMusic.app/$(BUNDLE_EXECUTABLE_FOLDER_PATH)/LuluMusic";
			};
			name = Debug;
		};
		7FFC0000000000000000002F /* Release */ = {
			isa = XCBuildConfiguration;
			buildSettings = {
				BUNDLE_LOADER = "$(TEST_HOST)";
				CODE_SIGN_STYLE = Automatic;
				CURRENT_PROJECT_VERSION = 1;
				DEVELOPMENT_TEAM = 5595Y4TR6U;
				GENERATE_INFOPLIST_FILE = YES;
				IPHONEOS_DEPLOYMENT_TARGET = 17.0;
				MARKETING_VERSION = 1.0;
				PRODUCT_BUNDLE_IDENTIFIER = com.lulumusic.tests;
				PRODUCT_NAME = "$(TARGET_NAME)";
				SDKROOT = iphoneos;
				SUPPORTED_PLATFORMS = "iphoneos iphonesimulator";
				SWIFT_EMIT_LOC_STRINGS = NO;
				SWIFT_VERSION = 5.0;
				TARGETED_DEVICE_FAMILY = 1;
				TEST_HOST = "$(BUILT_PRODUCTS_DIR)/LuluMusic.app/$(BUNDLE_EXECUTABLE_FOLDER_PATH)/LuluMusic";
			};
			name = Release;
		};
/* End XCBuildConfiguration section */

/* Begin XCConfigurationList section */
		7FFC00000000000000000007 /* Build configuration list for PBXProject "LuluMusic" */ = {
			isa = XCConfigurationList;
			buildConfigurations = (
				7FFC0000000000000000000A /* Debug */,
				7FFC0000000000000000000B /* Release */,
			);
			defaultConfigurationIsVisible = 0;
			defaultConfigurationName = Release;
		};
		7FFC00000000000000000006 /* Build configuration list for PBXNativeTarget "LuluMusic" */ = {
			isa = XCConfigurationList;
			buildConfigurations = (
				7FFC00000000000000000008 /* Debug */,
				7FFC00000000000000000009 /* Release */,
			);
			defaultConfigurationIsVisible = 0;
			defaultConfigurationName = Release;
		};
		7FFC0000000000000000002D /* Build configuration list for PBXNativeTarget "LoveSongTests" */ = {
			isa = XCConfigurationList;
			buildConfigurations = (
				7FFC0000000000000000002E /* Debug */,
				7FFC0000000000000000002F /* Release */,
			);
			defaultConfigurationIsVisible = 0;
			defaultConfigurationName = Release;
		};
/* End XCConfigurationList section */
	};
	rootObject = 7FFC00000000000000000001 /* Project object */;
}
